
Microsoft Visual Studio Solution File, Format Version 12.00
# Visual Studio 2012
Project("{FAE04EC0-301F-11D3-BF4B-00C04F79EFBC}") = "Factoriel", "Factoriel\Factoriel.csproj", "{C2A4219E-9AA7-4387-970E-816A69432375}"
EndProject
Project("{FAE04EC0-301F-11D3-BF4B-00C04F79EFBC}") = "FactorielWithBigInteger", "FactorielWithBigInteger\FactorielWithBigInteger.csproj", "{F1E7E55A-43FA-4F52-876C-1CE857F2B80A}"
EndProject
Global
	GlobalSection(SolutionConfigurationPlatforms) = preSolution
		Debug|Any CPU = Debug|Any CPU
		Release|Any CPU = Release|Any CPU
	EndGlobalSection
	GlobalSection(ProjectConfigurationPlatforms) = postSolution
		{C2A4219E-9AA7-4387-970E-816A69432375}.Debug|Any CPU.ActiveCfg = Debug|Any CPU
		{C2A4219E-9AA7-4387-970E-816A69432375}.Debug|Any CPU.Build.0 = Debug|Any CPU
		{C2A4219E-9AA7-4387-970E-816A69432375}.Release|Any CPU.ActiveCfg = Release|Any CPU
		{C2A4219E-9AA7-4387-970E-816A69432375}.Release|Any CPU.Build.0 = Release|Any CPU
		{F1E7E55A-43FA-4F52-876C-1CE857F2B80A}.Debug|Any CPU.ActiveCfg = Debug|Any CPU
		{F1E7E55A-43FA-4F52-876C-1CE857F2B80A}.Debug|Any CPU.Build.0 = Debug|Any CPU
		{F1E7E55A-43FA-4F52-876C-1CE857F2B80A}.Release|Any CPU.ActiveCfg = Release|Any CPU
		{F1E7E55A-43FA-4F52-876C-1CE857F2B80A}.Release|Any CPU.Build.0 = Release|Any CPU
	EndGlobalSection
	GlobalSection(SolutionProperties) = preSolution
		HideSolutionNode = FALSE
	EndGlobalSection
EndGlobal
