
Microsoft Visual Studio Solution File, Format Version 12.00
# Visual Studio 2012
Project("{FAE04EC0-301F-11D3-BF4B-00C04F79EFBC}") = "CoffeeVendingMachine", "CoffeeVendingMachine\CoffeeVendingMachine.csproj", "{7CB45519-FC1B-4E09-A78B-D1027981A267}"
EndProject
Project("{FAE04EC0-301F-11D3-BF4B-00C04F79EFBC}") = "ConsoleApplication1", "ConsoleApplication1\ConsoleApplication1.csproj", "{A6DD7F21-12AB-4C2B-A51C-3134865A3120}"
EndProject
Global
	GlobalSection(SolutionConfigurationPlatforms) = preSolution
		Debug|Any CPU = Debug|Any CPU
		Release|Any CPU = Release|Any CPU
	EndGlobalSection
	GlobalSection(ProjectConfigurationPlatforms) = postSolution
		{7CB45519-FC1B-4E09-A78B-D1027981A267}.Debug|Any CPU.ActiveCfg = Debug|Any CPU
		{7CB45519-FC1B-4E09-A78B-D1027981A267}.Debug|Any CPU.Build.0 = Debug|Any CPU
		{7CB45519-FC1B-4E09-A78B-D1027981A267}.Release|Any CPU.ActiveCfg = Release|Any CPU
		{7CB45519-FC1B-4E09-A78B-D1027981A267}.Release|Any CPU.Build.0 = Release|Any CPU
		{A6DD7F21-12AB-4C2B-A51C-3134865A3120}.Debug|Any CPU.ActiveCfg = Debug|Any CPU
		{A6DD7F21-12AB-4C2B-A51C-3134865A3120}.Debug|Any CPU.Build.0 = Debug|Any CPU
		{A6DD7F21-12AB-4C2B-A51C-3134865A3120}.Release|Any CPU.ActiveCfg = Release|Any CPU
		{A6DD7F21-12AB-4C2B-A51C-3134865A3120}.Release|Any CPU.Build.0 = Release|Any CPU
	EndGlobalSection
	GlobalSection(SolutionProperties) = preSolution
		HideSolutionNode = FALSE
	EndGlobalSection
EndGlobal
