
Microsoft Visual Studio Solution File, Format Version 12.00
# Visual Studio 2012
Project("{FAE04EC0-301F-11D3-BF4B-00C04F79EFBC}") = "Sand-glass", "Sand-glass\Sand-glass.csproj", "{7CC33923-0552-49FA-BFE6-AA9AFCC90938}"
EndProject
Global
	GlobalSection(SolutionConfigurationPlatforms) = preSolution
		Debug|Any CPU = Debug|Any CPU
		Release|Any CPU = Release|Any CPU
	EndGlobalSection
	GlobalSection(ProjectConfigurationPlatforms) = postSolution
		{7CC33923-0552-49FA-BFE6-AA9AFCC90938}.Debug|Any CPU.ActiveCfg = Debug|Any CPU
		{7CC33923-0552-49FA-BFE6-AA9AFCC90938}.Debug|Any CPU.Build.0 = Debug|Any CPU
		{7CC33923-0552-49FA-BFE6-AA9AFCC90938}.Release|Any CPU.ActiveCfg = Release|Any CPU
		{7CC33923-0552-49FA-BFE6-AA9AFCC90938}.Release|Any CPU.Build.0 = Release|Any CPU
	EndGlobalSection
	GlobalSection(SolutionProperties) = preSolution
		HideSolutionNode = FALSE
	EndGlobalSection
EndGlobal
