
Microsoft Visual Studio Solution File, Format Version 12.00
# Visual Studio 2012
Project("{FAE04EC0-301F-11D3-BF4B-00C04F79EFBC}") = "Array", "Array\Array.csproj", "{11297D09-531A-4ED8-9CA1-691E6C3A2A98}"
EndProject
Project("{FAE04EC0-301F-11D3-BF4B-00C04F79EFBC}") = "BitwizeOperators", "BitwizeOperators\BitwizeOperators.csproj", "{B1992E39-22C1-482A-92C8-43D2C77199E0}"
EndProject
Global
	GlobalSection(SolutionConfigurationPlatforms) = preSolution
		Debug|Any CPU = Debug|Any CPU
		Release|Any CPU = Release|Any CPU
	EndGlobalSection
	GlobalSection(ProjectConfigurationPlatforms) = postSolution
		{11297D09-531A-4ED8-9CA1-691E6C3A2A98}.Debug|Any CPU.ActiveCfg = Debug|Any CPU
		{11297D09-531A-4ED8-9CA1-691E6C3A2A98}.Debug|Any CPU.Build.0 = Debug|Any CPU
		{11297D09-531A-4ED8-9CA1-691E6C3A2A98}.Release|Any CPU.ActiveCfg = Release|Any CPU
		{11297D09-531A-4ED8-9CA1-691E6C3A2A98}.Release|Any CPU.Build.0 = Release|Any CPU
		{B1992E39-22C1-482A-92C8-43D2C77199E0}.Debug|Any CPU.ActiveCfg = Debug|Any CPU
		{B1992E39-22C1-482A-92C8-43D2C77199E0}.Debug|Any CPU.Build.0 = Debug|Any CPU
		{B1992E39-22C1-482A-92C8-43D2C77199E0}.Release|Any CPU.ActiveCfg = Release|Any CPU
		{B1992E39-22C1-482A-92C8-43D2C77199E0}.Release|Any CPU.Build.0 = Release|Any CPU
	EndGlobalSection
	GlobalSection(SolutionProperties) = preSolution
		HideSolutionNode = FALSE
	EndGlobalSection
EndGlobal
